// !$*UTF8*$!
{
	archiveVersion = 1;
	classes = {
	};
	objectVersion = 50;
	objects = {

/* Begin PBXBuildFile section */
		2AFE6FF0255069E600ACC1DD /* CurrencyApp.swift in Sources */ = {isa = PBXBuildFile; fileRef = 2AFE6FEF255069E600ACC1DD /* CurrencyApp.swift */; };
		2AFE6FF2255069E600ACC1DD /* ContentView.swift in Sources */ = {isa = PBXBuildFile; fileRef = 2AFE6FF1255069E600ACC1DD /* ContentView.swift */; };
		2AFE6FF4255069EE00ACC1DD /* Assets.xcassets in Resources */ = {isa = PBXBuildFile; fileRef = 2AFE6FF3255069EE00ACC1DD /* Assets.xcassets */; };
		2AFE6FF7255069EE00ACC1DD /* Preview Assets.xcassets in Resources */ = {isa = PBXBuildFile; fileRef = 2AFE6FF6255069EE00ACC1DD /* Preview Assets.xcassets */; };
		2AFE700325506A6900ACC1DD /* Home.swift in Sources */ = {isa = PBXBuildFile; fileRef = 2AFE700225506A6900ACC1DD /* Home.swift */; };
		2AFE700725506B1A00ACC1DD /* Conversion.swift in Sources */ = {isa = PBXBuildFile; fileRef = 2AFE700625506B1A00ACC1DD /* Conversion.swift */; };
		2AFE700A25506B7700ACC1DD /* Currency.swift in Sources */ = {isa = PBXBuildFile; fileRef = 2AFE700925506B7700ACC1DD /* Currency.swift */; };
		2AFE700D25506C0E00ACC1DD /* FetchData.swift in Sources */ = {isa = PBXBuildFile; fileRef = 2AFE700C25506C0E00ACC1DD /* FetchData.swift */; };
/* End PBXBuildFile section */

/* Begin PBXFileReference section */
		2AFE6FEC255069E500ACC1DD /* Currency.app */ = {isa = PBXFileReference; explicitFileType = wrapper.application; includeInIndex = 0; path = Currency.app; sourceTree = BUILT_PRODUCTS_DIR; };
		2AFE6FEF255069E600ACC1DD /* CurrencyApp.swift */ = {isa = PBXFileReference; lastKnownFileType = sourcecode.swift; path = CurrencyApp.swift; sourceTree = "<group>"; };
		2AFE6FF1255069E600ACC1DD /* ContentView.swift */ = {isa = PBXFileReference; lastKnownFileType = sourcecode.swift; path = ContentView.swift; sourceTree = "<group>"; };
		2AFE6FF3255069EE00ACC1DD /* Assets.xcassets */ = {isa = PBXFileReference; lastKnownFileType = folder.assetcatalog; path = Assets.xcassets; sourceTree = "<group>"; };
		2AFE6FF6255069EE00ACC1DD /* Preview Assets.xcassets */ = {isa = PBXFileReference; lastKnownFileType = folder.assetcatalog; path = "Preview Assets.xcassets"; sourceTree = "<group>"; };
		2AFE6FF8255069EE00ACC1DD /* Info.plist */ = {isa = PBXFileReference; lastKnownFileType = text.plist.xml; path = Info.plist; sourceTree = "<group>"; };
		2AFE700225506A6900ACC1DD /* Home.swift */ = {isa = PBXFileReference; lastKnownFileType = sourcecode.swift; path = Home.swift; sourceTree = "<group>"; };
		2AFE700625506B1A00ACC1DD /* Conversion.swift */ = {isa = PBXFileReference; lastKnownFileType = sourcecode.swift; path = Conversion.swift; sourceTree = "<group>"; };
		2AFE700925506B7700ACC1DD /* Currency.swift */ = {isa = PBXFileReference; lastKnownFileType = sourcecode.swift; path = Currency.swift; sourceTree = "<group>"; };
		2AFE700C25506C0E00ACC1DD /* FetchData.swift */ = {isa = PBXFileReference; lastKnownFileType = sourcecode.swift; path = FetchData.swift; sourceTree = "<group>"; };
/* End PBXFileReference section */

/* Begin PBXFrameworksBuildPhase section */
		2AFE6FE9255069E500ACC1DD /* Frameworks */ = {
			isa = PBXFrameworksBuildPhase;
			buildActionMask = 2147483647;
			files = (
			);
			runOnlyForDeploymentPostprocessing = 0;
		};
/* End PBXFrameworksBuildPhase section */

/* Begin PBXGroup section */
		2AFE6FE3255069E500ACC1DD = {
			isa = PBXGroup;
			children = (
				2AFE6FEE255069E500ACC1DD /* Currency */,
				2AFE6FED255069E500ACC1DD /* Products */,
			);
			sourceTree = "<group>";
		};
		2AFE6FED255069E500ACC1DD /* Products */ = {
			isa = PBXGroup;
			children = (
				2AFE6FEC255069E500ACC1DD /* Currency.app */,
			);
			name = Products;
			sourceTree = "<group>";
		};
		2AFE6FEE255069E500ACC1DD /* Currency */ = {
			isa = PBXGroup;
			children = (
				2AFE700125506A4900ACC1DD /* ViewModel */,
				2AFE700025506A4500ACC1DD /* Model */,
				2AFE6FFF25506A3B00ACC1DD /* View */,
				2AFE6FEF255069E600ACC1DD /* CurrencyApp.swift */,
				2AFE6FF1255069E600ACC1DD /* ContentView.swift */,
				2AFE6FF3255069EE00ACC1DD /* Assets.xcassets */,
				2AFE6FF8255069EE00ACC1DD /* Info.plist */,
				2AFE6FF5255069EE00ACC1DD /* Preview Content */,
			);
			path = Currency;
			sourceTree = "<group>";
		};
		2AFE6FF5255069EE00ACC1DD /* Preview Content */ = {
			isa = PBXGroup;
			children = (
				2AFE6FF6255069EE00ACC1DD /* Preview Assets.xcassets */,
			);
			path = "Preview Content";
			sourceTree = "<group>";
		};
		2AFE6FFF25506A3B00ACC1DD /* View */ = {
			isa = PBXGroup;
			children = (
				2AFE700225506A6900ACC1DD /* Home.swift */,
			);
			path = View;
			sourceTree = "<group>";
		};
		2AFE700025506A4500ACC1DD /* Model */ = {
			isa = PBXGroup;
			children = (
				2AFE700625506B1A00ACC1DD /* Conversion.swift */,
				2AFE700925506B7700ACC1DD /* Currency.swift */,
			);
			path = Model;
			sourceTree = "<group>";
		};
		2AFE700125506A4900ACC1DD /* ViewModel */ = {
			isa = PBXGroup;
			children = (
				2AFE700C25506C0E00ACC1DD /* FetchData.swift */,
			);
			path = ViewModel;
			sourceTree = "<group>";
		};
/* End PBXGroup section */

/* Begin PBXNativeTarget section */
		2AFE6FEB255069E500ACC1DD /* Currency */ = {
			isa = PBXNativeTarget;
			buildConfigurationList = 2AFE6FFB255069EE00ACC1DD /* Build configuration list for PBXNativeTarget "Currency" */;
			buildPhases = (
				2AFE6FE8255069E500ACC1DD /* Sources */,
				2AFE6FE9255069E500ACC1DD /* Frameworks */,
				2AFE6FEA255069E500ACC1DD /* Resources */,
			);
			buildRules = (
			);
			dependencies = (
			);
			name = Currency;
			productName = Currency;
			productReference = 2AFE6FEC255069E500ACC1DD /* Currency.app */;
			productType = "com.apple.product-type.application";
		};
/* End PBXNativeTarget section */

/* Begin PBXProject section */
		2AFE6FE4255069E500ACC1DD /* Project object */ = {
			isa = PBXProject;
			attributes = {
				LastSwiftUpdateCheck = 1210;
				LastUpgradeCheck = 1210;
				TargetAttributes = {
					2AFE6FEB255069E500ACC1DD = {
						CreatedOnToolsVersion = 12.1;
					};
				};
			};
			buildConfigurationList = 2AFE6FE7255069E500ACC1DD /* Build configuration list for PBXProject "Currency" */;
			compatibilityVersion = "Xcode 9.3";
			developmentRegion = en;
			hasScannedForEncodings = 0;
			knownRegions = (
				en,
				Base,
			);
			mainGroup = 2AFE6FE3255069E500ACC1DD;
			productRefGroup = 2AFE6FED255069E500ACC1DD /* Products */;
			projectDirPath = "";
			projectRoot = "";
			targets = (
				2AFE6FEB255069E500ACC1DD /* Currency */,
			);
		};
/* End PBXProject section */

/* Begin PBXResourcesBuildPhase section */
		2AFE6FEA255069E500ACC1DD /* Resources */ = {
			isa = PBXResourcesBuildPhase;
			buildActionMask = 2147483647;
			files = (
				2AFE6FF7255069EE00ACC1DD /* Preview Assets.xcassets in Resources */,
				2AFE6FF4255069EE00ACC1DD /* Assets.xcassets in Resources */,
			);
			runOnlyForDeploymentPostprocessing = 0;
		};
/* End PBXResourcesBuildPhase section */

/* Begin PBXSourcesBuildPhase section */
		2AFE6FE8255069E500ACC1DD /* Sources */ = {
			isa = PBXSourcesBuildPhase;
			buildActionMask = 2147483647;
			files = (
				2AFE6FF2255069E600ACC1DD /* ContentView.swift in Sources */,
				2AFE700A25506B7700ACC1DD /* Currency.swift in Sources */,
				2AFE700725506B1A00ACC1DD /* Conversion.swift in Sources */,
				2AFE700325506A6900ACC1DD /* Home.swift in Sources */,
				2AFE700D25506C0E00ACC1DD /* FetchData.swift in Sources */,
				2AFE6FF0255069E600ACC1DD /* CurrencyApp.swift in Sources */,
			);
			runOnlyForDeploymentPostprocessing = 0;
		};
/* End PBXSourcesBuildPhase section */

/* Begin XCBuildConfiguration section */
		2AFE6FF9255069EE00ACC1DD /* Debug */ = {
			isa = XCBuildConfiguration;
			buildSettings = {
				ALWAYS_SEARCH_USER_PATHS = NO;
				CLANG_ANALYZER_NONNULL = YES;
				CLANG_ANALYZER_NUMBER_OBJECT_CONVERSION = YES_AGGRESSIVE;
				CLANG_CXX_LANGUAGE_STANDARD = "gnu++14";
				CLANG_CXX_LIBRARY = "libc++";
				CLANG_ENABLE_MODULES = YES;
				CLANG_ENABLE_OBJC_ARC = YES;
				CLANG_ENABLE_OBJC_WEAK = YES;
				CLANG_WARN_BLOCK_CAPTURE_AUTORELEASING = YES;
				CLANG_WARN_BOOL_CONVERSION = YES;
				CLANG_WARN_COMMA = YES;
				CLANG_WARN_CONSTANT_CONVERSION = YES;
				CLANG_WARN_DEPRECATED_OBJC_IMPLEMENTATIONS = YES;
				CLANG_WARN_DIRECT_OBJC_ISA_USAGE = YES_ERROR;
				CLANG_WARN_DOCUMENTATION_COMMENTS = YES;
				CLANG_WARN_EMPTY_BODY = YES;
				CLANG_WARN_ENUM_CONVERSION = YES;
				CLANG_WARN_INFINITE_RECURSION = YES;
				CLANG_WARN_INT_CONVERSION = YES;
				CLANG_WARN_NON_LITERAL_NULL_CONVERSION = YES;
				CLANG_WARN_OBJC_IMPLICIT_RETAIN_SELF = YES;
				CLANG_WARN_OBJC_LITERAL_CONVERSION = YES;
				CLANG_WARN_OBJC_ROOT_CLASS = YES_ERROR;
				CLANG_WARN_QUOTED_INCLUDE_IN_FRAMEWORK_HEADER = YES;
				CLANG_WARN_RANGE_LOOP_ANALYSIS = YES;
				CLANG_WARN_STRICT_PROTOTYPES = YES;
				CLANG_WARN_SUSPICIOUS_MOVE = YES;
				CLANG_WARN_UNGUARDED_AVAILABILITY = YES_AGGRESSIVE;
				CLANG_WARN_UNREACHABLE_CODE = YES;
				CLANG_WARN__DUPLICATE_METHOD_MATCH = YES;
				COPY_PHASE_STRIP = NO;
				DEBUG_INFORMATION_FORMAT = dwarf;
				ENABLE_STRICT_OBJC_MSGSEND = YES;
				ENABLE_TESTABILITY = YES;
				GCC_C_LANGUAGE_STANDARD = gnu11;
				GCC_DYNAMIC_NO_PIC = NO;
				GCC_NO_COMMON_BLOCKS = YES;
				GCC_OPTIMIZATION_LEVEL = 0;
				GCC_PREPROCESSOR_DEFINITIONS = (
					"DEBUG=1",
					"$(inherited)",
				);
				GCC_WARN_64_TO_32_BIT_CONVERSION = YES;
				GCC_WARN_ABOUT_RETURN_TYPE = YES_ERROR;
				GCC_WARN_UNDECLARED_SELECTOR = YES;
				GCC_WARN_UNINITIALIZED_AUTOS = YES_AGGRESSIVE;
				GCC_WARN_UNUSED_FUNCTION = YES;
				GCC_WARN_UNUSED_VARIABLE = YES;
				IPHONEOS_DEPLOYMENT_TARGET = 14.1;
				MTL_ENABLE_DEBUG_INFO = INCLUDE_SOURCE;
				MTL_FAST_MATH = YES;
				ONLY_ACTIVE_ARCH = YES;
				SDKROOT = iphoneos;
				SWIFT_ACTIVE_COMPILATION_CONDITIONS = DEBUG;
				SWIFT_OPTIMIZATION_LEVEL = "-Onone";
			};
			name = Debug;
		};
		2AFE6FFA255069EE00ACC1DD /* Release */ = {
			isa = XCBuildConfiguration;
			buildSettings = {
				ALWAYS_SEARCH_USER_PATHS = NO;
				CLANG_ANALYZER_NONNULL = YES;
				CLANG_ANALYZER_NUMBER_OBJECT_CONVERSION = YES_AGGRESSIVE;
				CLANG_CXX_LANGUAGE_STANDARD = "gnu++14";
				CLANG_CXX_LIBRARY = "libc++";
				CLANG_ENABLE_MODULES = YES;
				CLANG_ENABLE_OBJC_ARC = YES;
				CLANG_ENABLE_OBJC_WEAK = YES;
				CLANG_WARN_BLOCK_CAPTURE_AUTORELEASING = YES;
				CLANG_WARN_BOOL_CONVERSION = YES;
				CLANG_WARN_COMMA = YES;
				CLANG_WARN_CONSTANT_CONVERSION = YES;
				CLANG_WARN_DEPRECATED_OBJC_IMPLEMENTATIONS = YES;
				CLANG_WARN_DIRECT_OBJC_ISA_USAGE = YES_ERROR;
				CLANG_WARN_DOCUMENTATION_COMMENTS = YES;
				CLANG_WARN_EMPTY_BODY = YES;
				CLANG_WARN_ENUM_CONVERSION = YES;
				CLANG_WARN_INFINITE_RECURSION = YES;
				CLANG_WARN_INT_CONVERSION = YES;
				CLANG_WARN_NON_LITERAL_NULL_CONVERSION = YES;
				CLANG_WARN_OBJC_IMPLICIT_RETAIN_SELF = YES;
				CLANG_WARN_OBJC_LITERAL_CONVERSION = YES;
				CLANG_WARN_OBJC_ROOT_CLASS = YES_ERROR;
				CLANG_WARN_QUOTED_INCLUDE_IN_FRAMEWORK_HEADER = YES;
				CLANG_WARN_RANGE_LOOP_ANALYSIS = YES;
				CLANG_WARN_STRICT_PROTOTYPES = YES;
				CLANG_WARN_SUSPICIOUS_MOVE = YES;
				CLANG_WARN_UNGUARDED_AVAILABILITY = YES_AGGRESSIVE;
				CLANG_WARN_UNREACHABLE_CODE = YES;
				CLANG_WARN__DUPLICATE_METHOD_MATCH = YES;
				COPY_PHASE_STRIP = NO;
				DEBUG_INFORMATION_FORMAT = "dwarf-with-dsym";
				ENABLE_NS_ASSERTIONS = NO;
				ENABLE_STRICT_OBJC_MSGSEND = YES;
				GCC_C_LANGUAGE_STANDARD = gnu11;
				GCC_NO_COMMON_BLOCKS = YES;
				GCC_WARN_64_TO_32_BIT_CONVERSION = YES;
				GCC_WARN_ABOUT_RETURN_TYPE = YES_ERROR;
				GCC_WARN_UNDECLARED_SELECTOR = YES;
				GCC_WARN_UNINITIALIZED_AUTOS = YES_AGGRESSIVE;
				GCC_WARN_UNUSED_FUNCTION = YES;
				GCC_WARN_UNUSED_VARIABLE = YES;
				IPHONEOS_DEPLOYMENT_TARGET = 14.1;
				MTL_ENABLE_DEBUG_INFO = NO;
				MTL_FAST_MATH = YES;
				SDKROOT = iphoneos;
				SWIFT_COMPILATION_MODE = wholemodule;
				SWIFT_OPTIMIZATION_LEVEL = "-O";
				VALIDATE_PRODUCT = YES;
			};
			name = Release;
		};
		2AFE6FFC255069EE00ACC1DD /* Debug */ = {
			isa = XCBuildConfiguration;
			buildSettings = {
				ASSETCATALOG_COMPILER_APPICON_NAME = AppIcon;
				ASSETCATALOG_COMPILER_GLOBAL_ACCENT_COLOR_NAME = AccentColor;
				CODE_SIGN_STYLE = Automatic;
				DEVELOPMENT_ASSET_PATHS = "\"Currency/Preview Content\"";
				ENABLE_PREVIEWS = YES;
				INFOPLIST_FILE = Currency/Info.plist;
				IPHONEOS_DEPLOYMENT_TARGET = 14.0;
				LD_RUNPATH_SEARCH_PATHS = (
					"$(inherited)",
					"@executable_path/Frameworks",
				);
				PRODUCT_BUNDLE_IDENTIFIER = ca.cloutier.vincent.Currency;
				PRODUCT_NAME = "$(TARGET_NAME)";
				SWIFT_VERSION = 5.0;
				TARGETED_DEVICE_FAMILY = "1,2";
			};
			name = Debug;
		};
		2AFE6FFD255069EE00ACC1DD /* Release */ = {
			isa = XCBuildConfiguration;
			buildSettings = {
				ASSETCATALOG_COMPILER_APPICON_NAME = AppIcon;
				ASSETCATALOG_COMPILER_GLOBAL_ACCENT_COLOR_NAME = AccentColor;
				CODE_SIGN_STYLE = Automatic;
				DEVELOPMENT_ASSET_PATHS = "\"Currency/Preview Content\"";
				ENABLE_PREVIEWS = YES;
				INFOPLIST_FILE = Currency/Info.plist;
				IPHONEOS_DEPLOYMENT_TARGET = 14.0;
				LD_RUNPATH_SEARCH_PATHS = (
					"$(inherited)",
					"@executable_path/Frameworks",
				);
				PRODUCT_BUNDLE_IDENTIFIER = ca.cloutier.vincent.Currency;
				PRODUCT_NAME = "$(TARGET_NAME)";
				SWIFT_VERSION = 5.0;
				TARGETED_DEVICE_FAMILY = "1,2";
			};
			name = Release;
		};
/* End XCBuildConfiguration section */

/* Begin XCConfigurationList section */
		2AFE6FE7255069E500ACC1DD /* Build configuration list for PBXProject "Currency" */ = {
			isa = XCConfigurationList;
			buildConfigurations = (
				2AFE6FF9255069EE00ACC1DD /* Debug */,
				2AFE6FFA255069EE00ACC1DD /* Release */,
			);
			defaultConfigurationIsVisible = 0;
			defaultConfigurationName = Release;
		};
		2AFE6FFB255069EE00ACC1DD /* Build configuration list for PBXNativeTarget "Currency" */ = {
			isa = XCConfigurationList;
			buildConfigurations = (
				2AFE6FFC255069EE00ACC1DD /* Debug */,
				2AFE6FFD255069EE00ACC1DD /* Release */,
			);
			defaultConfigurationIsVisible = 0;
			defaultConfigurationName = Release;
		};
/* End XCConfigurationList section */
	};
	rootObject = 2AFE6FE4255069E500ACC1DD /* Project object */;
}
